// !$*UTF8*$!
{
	archiveVersion = 1;
	classes = {
	};
	objectVersion = 46;
	objects = {

/* Begin PBXBuildFile section */
		7E8DBE021CEA6E0300B6C996 /* main.cpp in Sources */ = {isa = PBXBuildFile; fileRef = 7E8DBE011CEA6E0300B6C996 /* main.cpp */; };
		7E8DBE101CEBB78500B6C996 /* CRequestFactory.cpp in Sources */ = {isa = PBXBuildFile; fileRef = 7E8DBE0E1CEBB78500B6C996 /* CRequestFactory.cpp */; };
		7E8DBE121CED082000B6C996 /* libPocoNet.a in Frameworks */ = {isa = PBXBuildFile; fileRef = 7E8DBE111CED082000B6C996 /* libPocoNet.a */; };
		7E8DBE161CED087300B6C996 /* libPocoUtil.a in Frameworks */ = {isa = PBXBuildFile; fileRef = 7E8DBE131CED087300B6C996 /* libPocoUtil.a */; };
		7E8DBE171CED087300B6C996 /* libPocoJSON.a in Frameworks */ = {isa = PBXBuildFile; fileRef = 7E8DBE141CED087300B6C996 /* libPocoJSON.a */; };
		7E8DBE181CED087300B6C996 /* libPocoFoundation.a in Frameworks */ = {isa = PBXBuildFile; fileRef = 7E8DBE151CED087300B6C996 /* libPocoFoundation.a */; };
		7E8DBE1D1CED094600B6C996 /* CSafeCout.cpp in Sources */ = {isa = PBXBuildFile; fileRef = 7E8DBE1B1CED094600B6C996 /* CSafeCout.cpp */; };
/* End PBXBuildFile section */

/* Begin PBXCopyFilesBuildPhase section */
		7E8DBDFC1CEA6E0300B6C996 /* CopyFiles */ = {
			isa = PBXCopyFilesBuildPhase;
			buildActionMask = 2147483647;
			dstPath = /usr/share/man/man1/;
			dstSubfolderSpec = 0;
			files = (
			);
			runOnlyForDeploymentPostprocessing = 1;
		};
/* End PBXCopyFilesBuildPhase section */

/* Begin PBXFileReference section */
		7E8DBDFE1CEA6E0300B6C996 /* server */ = {isa = PBXFileReference; explicitFileType = "compiled.mach-o.executable"; includeInIndex = 0; path = server; sourceTree = BUILT_PRODUCTS_DIR; };
		7E8DBE011CEA6E0300B6C996 /* main.cpp */ = {isa = PBXFileReference; lastKnownFileType = sourcecode.cpp.cpp; path = main.cpp; sourceTree = "<group>"; };
		7E8DBE0E1CEBB78500B6C996 /* CRequestFactory.cpp */ = {isa = PBXFileReference; fileEncoding = 4; lastKnownFileType = sourcecode.cpp.cpp; path = CRequestFactory.cpp; sourceTree = "<group>"; };
		7E8DBE0F1CEBB78500B6C996 /* CRequestFactory.h */ = {isa = PBXFileReference; fileEncoding = 4; lastKnownFileType = sourcecode.c.h; path = CRequestFactory.h; sourceTree = "<group>"; };
		7E8DBE111CED082000B6C996 /* libPocoNet.a */ = {isa = PBXFileReference; lastKnownFileType = archive.ar; name = libPocoNet.a; path = ../poco/lib/Darwin/x86_64/libPocoNet.a; sourceTree = "<group>"; };
		7E8DBE131CED087300B6C996 /* libPocoUtil.a */ = {isa = PBXFileReference; lastKnownFileType = archive.ar; name = libPocoUtil.a; path = ../poco/lib/Darwin/x86_64/libPocoUtil.a; sourceTree = "<group>"; };
		7E8DBE141CED087300B6C996 /* libPocoJSON.a */ = {isa = PBXFileReference; lastKnownFileType = archive.ar; name = libPocoJSON.a; path = ../poco/lib/Darwin/x86_64/libPocoJSON.a; sourceTree = "<group>"; };
		7E8DBE151CED087300B6C996 /* libPocoFoundation.a */ = {isa = PBXFileReference; lastKnownFileType = archive.ar; name = libPocoFoundation.a; path = ../poco/lib/Darwin/x86_64/libPocoFoundation.a; sourceTree = "<group>"; };
		7E8DBE1B1CED094600B6C996 /* CSafeCout.cpp */ = {isa = PBXFileReference; fileEncoding = 4; lastKnownFileType = sourcecode.cpp.cpp; name = CSafeCout.cpp; path = ../common/CSafeCout.cpp; sourceTree = "<group>"; };
		7E8DBE1C1CED094600B6C996 /* CSafeCout.h */ = {isa = PBXFileReference; fileEncoding = 4; lastKnownFileType = sourcecode.c.h; name = CSafeCout.h; path = ../common/CSafeCout.h; sourceTree = "<group>"; };
/* End PBXFileReference section */

/* Begin PBXFrameworksBuildPhase section */
		7E8DBDFB1CEA6E0300B6C996 /* Frameworks */ = {
			isa = PBXFrameworksBuildPhase;
			buildActionMask = 2147483647;
			files = (
				7E8DBE161CED087300B6C996 /* libPocoUtil.a in Frameworks */,
				7E8DBE171CED087300B6C996 /* libPocoJSON.a in Frameworks */,
				7E8DBE181CED087300B6C996 /* libPocoFoundation.a in Frameworks */,
				7E8DBE121CED082000B6C996 /* libPocoNet.a in Frameworks */,
			);
			runOnlyForDeploymentPostprocessing = 0;
		};
/* End PBXFrameworksBuildPhase section */

/* Begin PBXGroup section */
		7E8DBDF51CEA6E0300B6C996 = {
			isa = PBXGroup;
			children = (
				7E8DBE1E1CED095000B6C996 /* common */,
				7E8DBE001CEA6E0300B6C996 /* server */,
				7E8DBDFF1CEA6E0300B6C996 /* Products */,
				7E8DBE1F1CED096400B6C996 /* lib */,
			);
			sourceTree = "<group>";
		};
		7E8DBDFF1CEA6E0300B6C996 /* Products */ = {
			isa = PBXGroup;
			children = (
				7E8DBDFE1CEA6E0300B6C996 /* server */,
			);
			name = Products;
			sourceTree = "<group>";
		};
		7E8DBE001CEA6E0300B6C996 /* server */ = {
			isa = PBXGroup;
			children = (
				7E8DBE011CEA6E0300B6C996 /* main.cpp */,
				7E8DBE0E1CEBB78500B6C996 /* CRequestFactory.cpp */,
				7E8DBE0F1CEBB78500B6C996 /* CRequestFactory.h */,
			);
			path = server;
			sourceTree = "<group>";
		};
		7E8DBE1E1CED095000B6C996 /* common */ = {
			isa = PBXGroup;
			children = (
				7E8DBE1B1CED094600B6C996 /* CSafeCout.cpp */,
				7E8DBE1C1CED094600B6C996 /* CSafeCout.h */,
			);
			name = common;
			sourceTree = "<group>";
		};
		7E8DBE1F1CED096400B6C996 /* lib */ = {
			isa = PBXGroup;
			children = (
				7E8DBE131CED087300B6C996 /* libPocoUtil.a */,
				7E8DBE141CED087300B6C996 /* libPocoJSON.a */,
				7E8DBE151CED087300B6C996 /* libPocoFoundation.a */,
				7E8DBE111CED082000B6C996 /* libPocoNet.a */,
			);
			name = lib;
			sourceTree = "<group>";
		};
/* End PBXGroup section */

/* Begin PBXNativeTarget section */
		7E8DBDFD1CEA6E0300B6C996 /* server */ = {
			isa = PBXNativeTarget;
			buildConfigurationList = 7E8DBE051CEA6E0300B6C996 /* Build configuration list for PBXNativeTarget "server" */;
			buildPhases = (
				7E8DBDFA1CEA6E0300B6C996 /* Sources */,
				7E8DBDFB1CEA6E0300B6C996 /* Frameworks */,
				7E8DBDFC1CEA6E0300B6C996 /* CopyFiles */,
			);
			buildRules = (
			);
			dependencies = (
			);
			name = server;
			productName = server;
			productReference = 7E8DBDFE1CEA6E0300B6C996 /* server */;
			productType = "com.apple.product-type.tool";
		};
/* End PBXNativeTarget section */

/* Begin PBXProject section */
		7E8DBDF61CEA6E0300B6C996 /* Project object */ = {
			isa = PBXProject;
			attributes = {
				LastUpgradeCheck = 0610;
				ORGANIZATIONNAME = "Proforov Inc.";
				TargetAttributes = {
					7E8DBDFD1CEA6E0300B6C996 = {
						CreatedOnToolsVersion = 6.1.1;
					};
				};
			};
			buildConfigurationList = 7E8DBDF91CEA6E0300B6C996 /* Build configuration list for PBXProject "server" */;
			compatibilityVersion = "Xcode 3.2";
			developmentRegion = English;
			hasScannedForEncodings = 0;
			knownRegions = (
				en,
			);
			mainGroup = 7E8DBDF51CEA6E0300B6C996;
			productRefGroup = 7E8DBDFF1CEA6E0300B6C996 /* Products */;
			projectDirPath = "";
			projectRoot = "";
			targets = (
				7E8DBDFD1CEA6E0300B6C996 /* server */,
			);
		};
/* End PBXProject section */

/* Begin PBXSourcesBuildPhase section */
		7E8DBDFA1CEA6E0300B6C996 /* Sources */ = {
			isa = PBXSourcesBuildPhase;
			buildActionMask = 2147483647;
			files = (
				7E8DBE101CEBB78500B6C996 /* CRequestFactory.cpp in Sources */,
				7E8DBE021CEA6E0300B6C996 /* main.cpp in Sources */,
				7E8DBE1D1CED094600B6C996 /* CSafeCout.cpp in Sources */,
			);
			runOnlyForDeploymentPostprocessing = 0;
		};
/* End PBXSourcesBuildPhase section */

/* Begin XCBuildConfiguration section */
		7E8DBE031CEA6E0300B6C996 /* Debug */ = {
			isa = XCBuildConfiguration;
			buildSettings = {
				ALWAYS_SEARCH_USER_PATHS = NO;
				CLANG_CXX_LANGUAGE_STANDARD = "gnu++0x";
				CLANG_CXX_LIBRARY = "libc++";
				CLANG_ENABLE_MODULES = YES;
				CLANG_ENABLE_OBJC_ARC = YES;
				CLANG_WARN_BOOL_CONVERSION = YES;
				CLANG_WARN_CONSTANT_CONVERSION = YES;
				CLANG_WARN_DIRECT_OBJC_ISA_USAGE = YES_ERROR;
				CLANG_WARN_EMPTY_BODY = YES;
				CLANG_WARN_ENUM_CONVERSION = YES;
				CLANG_WARN_INT_CONVERSION = YES;
				CLANG_WARN_OBJC_ROOT_CLASS = YES_ERROR;
				CLANG_WARN_UNREACHABLE_CODE = YES;
				CLANG_WARN__DUPLICATE_METHOD_MATCH = YES;
				COPY_PHASE_STRIP = NO;
				ENABLE_STRICT_OBJC_MSGSEND = YES;
				GCC_C_LANGUAGE_STANDARD = gnu99;
				GCC_DYNAMIC_NO_PIC = NO;
				GCC_OPTIMIZATION_LEVEL = 0;
				GCC_PREPROCESSOR_DEFINITIONS = (
					"DEBUG=1",
					"$(inherited)",
				);
				GCC_SYMBOLS_PRIVATE_EXTERN = NO;
				GCC_WARN_64_TO_32_BIT_CONVERSION = YES;
				GCC_WARN_ABOUT_RETURN_TYPE = YES_ERROR;
				GCC_WARN_UNDECLARED_SELECTOR = YES;
				GCC_WARN_UNINITIALIZED_AUTOS = YES_AGGRESSIVE;
				GCC_WARN_UNUSED_FUNCTION = YES;
				GCC_WARN_UNUSED_VARIABLE = YES;
				LIBRARY_SEARCH_PATHS = "../poco/lib/**";
				MACOSX_DEPLOYMENT_TARGET = 10.10;
				MTL_ENABLE_DEBUG_INFO = YES;
				ONLY_ACTIVE_ARCH = YES;
				SDKROOT = macosx;
				USER_HEADER_SEARCH_PATHS = "../poco/Foundation/include/ ../poco/JSON/include/ ../poco/Util/include/ ../poco/Net/include";
			};
			name = Debug;
		};
		7E8DBE041CEA6E0300B6C996 /* Release */ = {
			isa = XCBuildConfiguration;
			buildSettings = {
				ALWAYS_SEARCH_USER_PATHS = NO;
				CLANG_CXX_LANGUAGE_STANDARD = "gnu++0x";
				CLANG_CXX_LIBRARY = "libc++";
				CLANG_ENABLE_MODULES = YES;
				CLANG_ENABLE_OBJC_ARC = YES;
				CLANG_WARN_BOOL_CONVERSION = YES;
				CLANG_WARN_CONSTANT_CONVERSION = YES;
				CLANG_WARN_DIRECT_OBJC_ISA_USAGE = YES_ERROR;
				CLANG_WARN_EMPTY_BODY = YES;
				CLANG_WARN_ENUM_CONVERSION = YES;
				CLANG_WARN_INT_CONVERSION = YES;
				CLANG_WARN_OBJC_ROOT_CLASS = YES_ERROR;
				CLANG_WARN_UNREACHABLE_CODE = YES;
				CLANG_WARN__DUPLICATE_METHOD_MATCH = YES;
				COPY_PHASE_STRIP = YES;
				DEBUG_INFORMATION_FORMAT = "dwarf-with-dsym";
				ENABLE_NS_ASSERTIONS = NO;
				ENABLE_STRICT_OBJC_MSGSEND = YES;
				GCC_C_LANGUAGE_STANDARD = gnu99;
				GCC_WARN_64_TO_32_BIT_CONVERSION = YES;
				GCC_WARN_ABOUT_RETURN_TYPE = YES_ERROR;
				GCC_WARN_UNDECLARED_SELECTOR = YES;
				GCC_WARN_UNINITIALIZED_AUTOS = YES_AGGRESSIVE;
				GCC_WARN_UNUSED_FUNCTION = YES;
				GCC_WARN_UNUSED_VARIABLE = YES;
				LIBRARY_SEARCH_PATHS = "../poco/lib/**";
				MACOSX_DEPLOYMENT_TARGET = 10.10;
				MTL_ENABLE_DEBUG_INFO = NO;
				SDKROOT = macosx;
				USER_HEADER_SEARCH_PATHS = "../poco/Foundation/include/ ../poco/JSON/include/ ../poco/Util/include/ ../poco/Net/include";
			};
			name = Release;
		};
		7E8DBE061CEA6E0300B6C996 /* Debug */ = {
			isa = XCBuildConfiguration;
			buildSettings = {
				LIBRARY_SEARCH_PATHS = (
					"$(inherited)",
					/Users/proforov/Documents/projects/homework/poco/lib/Darwin/x86_64,
				);
				PRODUCT_NAME = "$(TARGET_NAME)";
			};
			name = Debug;
		};
		7E8DBE071CEA6E0300B6C996 /* Release */ = {
			isa = XCBuildConfiguration;
			buildSettings = {
				LIBRARY_SEARCH_PATHS = (
					"$(inherited)",
					/Users/proforov/Documents/projects/homework/poco/lib/Darwin/x86_64,
				);
				PRODUCT_NAME = "$(TARGET_NAME)";
			};
			name = Release;
		};
/* End XCBuildConfiguration section */

/* Begin XCConfigurationList section */
		7E8DBDF91CEA6E0300B6C996 /* Build configuration list for PBXProject "server" */ = {
			isa = XCConfigurationList;
			buildConfigurations = (
				7E8DBE031CEA6E0300B6C996 /* Debug */,
				7E8DBE041CEA6E0300B6C996 /* Release */,
			);
			defaultConfigurationIsVisible = 0;
			defaultConfigurationName = Release;
		};
		7E8DBE051CEA6E0300B6C996 /* Build configuration list for PBXNativeTarget "server" */ = {
			isa = XCConfigurationList;
			buildConfigurations = (
				7E8DBE061CEA6E0300B6C996 /* Debug */,
				7E8DBE071CEA6E0300B6C996 /* Release */,
			);
			defaultConfigurationIsVisible = 0;
		};
/* End XCConfigurationList section */
	};
	rootObject = 7E8DBDF61CEA6E0300B6C996 /* Project object */;
}
